// !$*UTF8*$!
{
	archiveVersion = 1;
	classes = {
	};
	objectVersion = 46;
	objects = {

/* Begin PBXBuildFile section */
		5C410D501C4D27B500698B4D /* main.m in Sources */ = {isa = PBXBuildFile; fileRef = 5C410D4F1C4D27B500698B4D /* main.m */; };
		5C410D531C4D27B500698B4D /* AppDelegate.m in Sources */ = {isa = PBXBuildFile; fileRef = 5C410D521C4D27B500698B4D /* AppDelegate.m */; };
		5C410D561C4D27B500698B4D /* ViewController.m in Sources */ = {isa = PBXBuildFile; fileRef = 5C410D551C4D27B500698B4D /* ViewController.m */; };
		5C410D591C4D27B500698B4D /* Main.storyboard in Resources */ = {isa = PBXBuildFile; fileRef = 5C410D571C4D27B500698B4D /* Main.storyboard */; };
		5C410D5B1C4D27B500698B4D /* Assets.xcassets in Resources */ = {isa = PBXBuildFile; fileRef = 5C410D5A1C4D27B500698B4D /* Assets.xcassets */; };
		5C410D5E1C4D27B500698B4D /* LaunchScreen.storyboard in Resources */ = {isa = PBXBuildFile; fileRef = 5C410D5C1C4D27B500698B4D /* LaunchScreen.storyboard */; };
/* End PBXBuildFile section */

/* Begin PBXFileReference section */
		5C410D4B1C4D27B500698B4D /* sample3.app */ = {isa = PBXFileReference; explicitFileType = wrapper.application; includeInIndex = 0; path = sample3.app; sourceTree = BUILT_PRODUCTS_DIR; };
		5C410D4F1C4D27B500698B4D /* main.m */ = {isa = PBXFileReference; lastKnownFileType = sourcecode.c.objc; path = main.m; sourceTree = "<group>"; };
		5C410D511C4D27B500698B4D /* AppDelegate.h */ = {isa = PBXFileReference; lastKnownFileType = sourcecode.c.h; path = AppDelegate.h; sourceTree = "<group>"; };
		5C410D521C4D27B500698B4D /* AppDelegate.m */ = {isa = PBXFileReference; lastKnownFileType = sourcecode.c.objc; path = AppDelegate.m; sourceTree = "<group>"; };
		5C410D541C4D27B500698B4D /* ViewController.h */ = {isa = PBXFileReference; lastKnownFileType = sourcecode.c.h; path = ViewController.h; sourceTree = "<group>"; };
		5C410D551C4D27B500698B4D /* ViewController.m */ = {isa = PBXFileReference; lastKnownFileType = sourcecode.c.objc; path = ViewController.m; sourceTree = "<group>"; };
		5C410D581C4D27B500698B4D /* Base */ = {isa = PBXFileReference; lastKnownFileType = file.storyboard; name = Base; path = Base.lproj/Main.storyboard; sourceTree = "<group>"; };
		5C410D5A1C4D27B500698B4D /* Assets.xcassets */ = {isa = PBXFileReference; lastKnownFileType = folder.assetcatalog; path = Assets.xcassets; sourceTree = "<group>"; };
		5C410D5D1C4D27B500698B4D /* Base */ = {isa = PBXFileReference; lastKnownFileType = file.storyboard; name = Base; path = Base.lproj/LaunchScreen.storyboard; sourceTree = "<group>"; };
		5C410D5F1C4D27B500698B4D /* Info.plist */ = {isa = PBXFileReference; lastKnownFileType = text.plist.xml; path = Info.plist; sourceTree = "<group>"; };
/* End PBXFileReference section */

/* Begin PBXFrameworksBuildPhase section */
		5C410D481C4D27B500698B4D /* Frameworks */ = {
			isa = PBXFrameworksBuildPhase;
			buildActionMask = 2147483647;
			files = (
			);
			runOnlyForDeploymentPostprocessing = 0;
		};
/* End PBXFrameworksBuildPhase section */

/* Begin PBXGroup section */
		5C410D421C4D27B500698B4D = {
			isa = PBXGroup;
			children = (
				5C410D4D1C4D27B500698B4D /* sample3 */,
				5C410D4C1C4D27B500698B4D /* Products */,
			);
			sourceTree = "<group>";
		};
		5C410D4C1C4D27B500698B4D /* Products */ = {
			isa = PBXGroup;
			children = (
				5C410D4B1C4D27B500698B4D /* sample3.app */,
			);
			name = Products;
			sourceTree = "<group>";
		};
		5C410D4D1C4D27B500698B4D /* sample3 */ = {
			isa = PBXGroup;
			children = (
				5C410D511C4D27B500698B4D /* AppDelegate.h */,
				5C410D521C4D27B500698B4D /* AppDelegate.m */,
				5C410D541C4D27B500698B4D /* ViewController.h */,
				5C410D551C4D27B500698B4D /* ViewController.m */,
				5C410D571C4D27B500698B4D /* Main.storyboard */,
				5C410D5A1C4D27B500698B4D /* Assets.xcassets */,
				5C410D5C1C4D27B500698B4D /* LaunchScreen.storyboard */,
				5C410D5F1C4D27B500698B4D /* Info.plist */,
				5C410D4E1C4D27B500698B4D /* Supporting Files */,
			);
			path = sample3;
			sourceTree = "<group>";
		};
		5C410D4E1C4D27B500698B4D /* Supporting Files */ = {
			isa = PBXGroup;
			children = (
				5C410D4F1C4D27B500698B4D /* main.m */,
			);
			name = "Supporting Files";
			sourceTree = "<group>";
		};
/* End PBXGroup section */

/* Begin PBXNativeTarget section */
		5C410D4A1C4D27B500698B4D /* sample3 */ = {
			isa = PBXNativeTarget;
			buildConfigurationList = 5C410D621C4D27B500698B4D /* Build configuration list for PBXNativeTarget "sample3" */;
			buildPhases = (
				5C410D471C4D27B500698B4D /* Sources */,
				5C410D481C4D27B500698B4D /* Frameworks */,
				5C410D491C4D27B500698B4D /* Resources */,
			);
			buildRules = (
			);
			dependencies = (
			);
			name = sample3;
			productName = sample3;
			productReference = 5C410D4B1C4D27B500698B4D /* sample3.app */;
			productType = "com.apple.product-type.application";
		};
/* End PBXNativeTarget section */

/* Begin PBXProject section */
		5C410D431C4D27B500698B4D /* Project object */ = {
			isa = PBXProject;
			attributes = {
				LastUpgradeCheck = 0720;
				ORGANIZATIONNAME = geekub;
				TargetAttributes = {
					5C410D4A1C4D27B500698B4D = {
						CreatedOnToolsVersion = 7.2;
					};
				};
			};
			buildConfigurationList = 5C410D461C4D27B500698B4D /* Build configuration list for PBXProject "sample3" */;
			compatibilityVersion = "Xcode 3.2";
			developmentRegion = English;
			hasScannedForEncodings = 0;
			knownRegions = (
				en,
				Base,
			);
			mainGroup = 5C410D421C4D27B500698B4D;
			productRefGroup = 5C410D4C1C4D27B500698B4D /* Products */;
			projectDirPath = "";
			projectRoot = "";
			targets = (
				5C410D4A1C4D27B500698B4D /* sample3 */,
			);
		};
/* End PBXProject section */

/* Begin PBXResourcesBuildPhase section */
		5C410D491C4D27B500698B4D /* Resources */ = {
			isa = PBXResourcesBuildPhase;
			buildActionMask = 2147483647;
			files = (
				5C410D5E1C4D27B500698B4D /* LaunchScreen.storyboard in Resources */,
				5C410D5B1C4D27B500698B4D /* Assets.xcassets in Resources */,
				5C410D591C4D27B500698B4D /* Main.storyboard in Resources */,
			);
			runOnlyForDeploymentPostprocessing = 0;
		};
/* End PBXResourcesBuildPhase section */

/* Begin PBXSourcesBuildPhase section */
		5C410D471C4D27B500698B4D /* Sources */ = {
			isa = PBXSourcesBuildPhase;
			buildActionMask = 2147483647;
			files = (
				5C410D561C4D27B500698B4D /* ViewController.m in Sources */,
				5C410D531C4D27B500698B4D /* AppDelegate.m in Sources */,
				5C410D501C4D27B500698B4D /* main.m in Sources */,
			);
			runOnlyForDeploymentPostprocessing = 0;
		};
/* End PBXSourcesBuildPhase section */

/* Begin PBXVariantGroup section */
		5C410D571C4D27B500698B4D /* Main.storyboard */ = {
			isa = PBXVariantGroup;
			children = (
				5C410D581C4D27B500698B4D /* Base */,
			);
			name = Main.storyboard;
			sourceTree = "<group>";
		};
		5C410D5C1C4D27B500698B4D /* LaunchScreen.storyboard */ = {
			isa = PBXVariantGroup;
			children = (
				5C410D5D1C4D27B500698B4D /* Base */,
			);
			name = LaunchScreen.storyboard;
			sourceTree = "<group>";
		};
/* End PBXVariantGroup section */

/* Begin XCBuildConfiguration section */
		5C410D601C4D27B500698B4D /* Debug */ = {
			isa = XCBuildConfiguration;
			buildSettings = {
				ALWAYS_SEARCH_USER_PATHS = NO;
				CLANG_CXX_LANGUAGE_STANDARD = "gnu++0x";
				CLANG_CXX_LIBRARY = "libc++";
				CLANG_ENABLE_MODULES = YES;
				CLANG_ENABLE_OBJC_ARC = YES;
				CLANG_WARN_BOOL_CONVERSION = YES;
				CLANG_WARN_CONSTANT_CONVERSION = YES;
				CLANG_WARN_DIRECT_OBJC_ISA_USAGE = YES_ERROR;
				CLANG_WARN_EMPTY_BODY = YES;
				CLANG_WARN_ENUM_CONVERSION = YES;
				CLANG_WARN_INT_CONVERSION = YES;
				CLANG_WARN_OBJC_ROOT_CLASS = YES_ERROR;
				CLANG_WARN_UNREACHABLE_CODE = YES;
				CLANG_WARN__DUPLICATE_METHOD_MATCH = YES;
				"CODE_SIGN_IDENTITY[sdk=iphoneos*]" = "iPhone Developer";
				COPY_PHASE_STRIP = NO;
				DEBUG_INFORMATION_FORMAT = dwarf;
				ENABLE_STRICT_OBJC_MSGSEND = YES;
				ENABLE_TESTABILITY = YES;
				GCC_C_LANGUAGE_STANDARD = gnu99;
				GCC_DYNAMIC_NO_PIC = NO;
				GCC_NO_COMMON_BLOCKS = YES;
				GCC_OPTIMIZATION_LEVEL = 0;
				GCC_PREPROCESSOR_DEFINITIONS = (
					"DEBUG=1",
					"$(inherited)",
				);
				GCC_WARN_64_TO_32_BIT_CONVERSION = YES;
				GCC_WARN_ABOUT_RETURN_TYPE = YES_ERROR;
				GCC_WARN_UNDECLARED_SELECTOR = YES;
				GCC_WARN_UNINITIALIZED_AUTOS = YES_AGGRESSIVE;
				GCC_WARN_UNUSED_FUNCTION = YES;
				GCC_WARN_UNUSED_VARIABLE = YES;
				IPHONEOS_DEPLOYMENT_TARGET = 9.2;
				MTL_ENABLE_DEBUG_INFO = YES;
				ONLY_ACTIVE_ARCH = YES;
				SDKROOT = iphoneos;
			};
			name = Debug;
		};
		5C410D611C4D27B500698B4D /* Release */ = {
			isa = XCBuildConfiguration;
			buildSettings = {
				ALWAYS_SEARCH_USER_PATHS = NO;
				CLANG_CXX_LANGUAGE_STANDARD = "gnu++0x";
				CLANG_CXX_LIBRARY = "libc++";
				CLANG_ENABLE_MODULES = YES;
				CLANG_ENABLE_OBJC_ARC = YES;
				CLANG_WARN_BOOL_CONVERSION = YES;
				CLANG_WARN_CONSTANT_CONVERSION = YES;
				CLANG_WARN_DIRECT_OBJC_ISA_USAGE = YES_ERROR;
				CLANG_WARN_EMPTY_BODY = YES;
				CLANG_WARN_ENUM_CONVERSION = YES;
				CLANG_WARN_INT_CONVERSION = YES;
				CLANG_WARN_OBJC_ROOT_CLASS = YES_ERROR;
				CLANG_WARN_UNREACHABLE_CODE = YES;
				CLANG_WARN__DUPLICATE_METHOD_MATCH = YES;
				"CODE_SIGN_IDENTITY[sdk=iphoneos*]" = "iPhone Developer";
				COPY_PHASE_STRIP = NO;
				DEBUG_INFORMATION_FORMAT = "dwarf-with-dsym";
				ENABLE_NS_ASSERTIONS = NO;
				ENABLE_STRICT_OBJC_MSGSEND = YES;
				GCC_C_LANGUAGE_STANDARD = gnu99;
				GCC_NO_COMMON_BLOCKS = YES;
				GCC_WARN_64_TO_32_BIT_CONVERSION = YES;
				GCC_WARN_ABOUT_RETURN_TYPE = YES_ERROR;
				GCC_WARN_UNDECLARED_SELECTOR = YES;
				GCC_WARN_UNINITIALIZED_AUTOS = YES_AGGRESSIVE;
				GCC_WARN_UNUSED_FUNCTION = YES;
				GCC_WARN_UNUSED_VARIABLE = YES;
				IPHONEOS_DEPLOYMENT_TARGET = 9.2;
				MTL_ENABLE_DEBUG_INFO = NO;
				SDKROOT = iphoneos;
				VALIDATE_PRODUCT = YES;
			};
			name = Release;
		};
		5C410D631C4D27B500698B4D /* Debug */ = {
			isa = XCBuildConfiguration;
			buildSettings = {
				ASSETCATALOG_COMPILER_APPICON_NAME = AppIcon;
				INFOPLIST_FILE = sample3/Info.plist;
				LD_RUNPATH_SEARCH_PATHS = "$(inherited) @executable_path/Frameworks";
				PRODUCT_BUNDLE_IDENTIFIER = com.geekhub.sample3;
				PRODUCT_NAME = "$(TARGET_NAME)";
			};
			name = Debug;
		};
		5C410D641C4D27B500698B4D /* Release */ = {
			isa = XCBuildConfiguration;
			buildSettings = {
				ASSETCATALOG_COMPILER_APPICON_NAME = AppIcon;
				INFOPLIST_FILE = sample3/Info.plist;
				LD_RUNPATH_SEARCH_PATHS = "$(inherited) @executable_path/Frameworks";
				PRODUCT_BUNDLE_IDENTIFIER = com.geekhub.sample3;
				PRODUCT_NAME = "$(TARGET_NAME)";
			};
			name = Release;
		};
/* End XCBuildConfiguration section */

/* Begin XCConfigurationList section */
		5C410D461C4D27B500698B4D /* Build configuration list for PBXProject "sample3" */ = {
			isa = XCConfigurationList;
			buildConfigurations = (
				5C410D601C4D27B500698B4D /* Debug */,
				5C410D611C4D27B500698B4D /* Release */,
			);
			defaultConfigurationIsVisible = 0;
			defaultConfigurationName = Release;
		};
		5C410D621C4D27B500698B4D /* Build configuration list for PBXNativeTarget "sample3" */ = {
			isa = XCConfigurationList;
			buildConfigurations = (
				5C410D631C4D27B500698B4D /* Debug */,
				5C410D641C4D27B500698B4D /* Release */,
			);
			defaultConfigurationIsVisible = 0;
		};
/* End XCConfigurationList section */
	};
	rootObject = 5C410D431C4D27B500698B4D /* Project object */;
}
